{
  "version": 4,
  "terraform_version": "1.13.3",
  "serial": 4,
  "lineage": "5d956675-05e4-d879-5b2f-8657426768ec",
  "outputs": {
    "server_ip": {
      "value": "3.235.182.148",
      "type": "string"
    }
  },
  "resources": [
    {
      "mode": "data",
      "type": "aws_ami",
      "name": "ubuntu",
      "provider": "provider[\"registry.terraform.io/hashicorp/aws\"]",
      "instances": [
        {
          "schema_version": 0,
          "attributes": {
            "allow_unsafe_filter": null,
            "architecture": "x86_64",
            "arn": "arn:aws:ec2:us-east-1::image/ami-03deb8c961063af8c",
            "block_device_mappings": [
              {
                "device_name": "/dev/sda1",
                "ebs": {
                  "delete_on_termination": "true",
                  "encrypted": "false",
                  "iops": "0",
                  "snapshot_id": "snap-0857ccdc177548e96",
                  "throughput": "0",
                  "volume_initialization_rate": "0",
                  "volume_size": "8",
                  "volume_type": "gp2"
                },
                "no_device": "",
                "virtual_name": ""
              },
              {
                "device_name": "/dev/sdb",
                "ebs": {},
                "no_device": "",
                "virtual_name": "ephemeral0"
              },
              {
                "device_name": "/dev/sdc",
                "ebs": {},
                "no_device": "",
                "virtual_name": "ephemeral1"
              }
            ],
            "boot_mode": "uefi-preferred",
            "creation_date": "2025-11-22T06:49:32.000Z",
            "deprecation_time": "2027-11-22T06:49:32.000Z",
            "description": "Canonical, Ubuntu, 22.04, amd64 jammy image",
            "ena_support": true,
            "executable_users": null,
            "filter": [
              {
                "name": "name",
                "values": [
                  "ubuntu/images/hvm-ssd/ubuntu-*-amd64-server-*"
                ]
              },
              {
                "name": "virtualization-type",
                "values": [
                  "hvm"
                ]
              }
            ],
            "hypervisor": "xen",
            "id": "ami-03deb8c961063af8c",
            "image_id": "ami-03deb8c961063af8c",
            "image_location": "amazon/ubuntu/images/hvm-ssd/ubuntu-jammy-22.04-amd64-server-20251122",
            "image_owner_alias": "amazon",
            "image_type": "machine",
            "imds_support": "",
            "include_deprecated": false,
            "kernel_id": "",
            "last_launched_time": "",
            "most_recent": true,
            "name": "ubuntu/images/hvm-ssd/ubuntu-jammy-22.04-amd64-server-20251122",
            "name_regex": null,
            "owner_id": "099720109477",
            "owners": [
              "099720109477"
            ],
            "platform": "",
            "platform_details": "Linux/UNIX",
            "product_codes": [],
            "public": true,
            "ramdisk_id": "",
            "region": "us-east-1",
            "root_device_name": "/dev/sda1",
            "root_device_type": "ebs",
            "root_snapshot_id": "snap-0857ccdc177548e96",
            "sriov_net_support": "simple",
            "state": "available",
            "state_reason": {
              "code": "UNSET",
              "message": "UNSET"
            },
            "tags": {},
            "timeouts": null,
            "tpm_support": "",
            "uefi_data": null,
            "usage_operation": "RunInstances",
            "virtualization_type": "hvm"
          },
          "sensitive_attributes": [],
          "identity_schema_version": 0
        }
      ]
    },
    {
      "mode": "managed",
      "type": "aws_instance",
      "name": "scraper_bot",
      "provider": "provider[\"registry.terraform.io/hashicorp/aws\"]",
      "instances": [
        {
          "schema_version": 2,
          "attributes": {
            "ami": "ami-03deb8c961063af8c",
            "arn": "arn:aws:ec2:us-east-1:373345867620:instance/i-0087d897d15ab6075",
            "associate_public_ip_address": true,
            "availability_zone": "us-east-1f",
            "capacity_reservation_specification": [
              {
                "capacity_reservation_preference": "open",
                "capacity_reservation_target": []
              }
            ],
            "cpu_options": [
              {
                "amd_sev_snp": "",
                "core_count": 1,
                "threads_per_core": 2
              }
            ],
            "credit_specification": [
              {
                "cpu_credits": "unlimited"
              }
            ],
            "disable_api_stop": false,
            "disable_api_termination": false,
            "ebs_block_device": [],
            "ebs_optimized": false,
            "enable_primary_ipv6": null,
            "enclave_options": [
              {
                "enabled": false
              }
            ],
            "ephemeral_block_device": [],
            "force_destroy": false,
            "get_password_data": false,
            "hibernation": false,
            "host_id": "",
            "host_resource_group_arn": null,
            "iam_instance_profile": "",
            "id": "i-0087d897d15ab6075",
            "instance_initiated_shutdown_behavior": "stop",
            "instance_lifecycle": "",
            "instance_market_options": [],
            "instance_state": "running",
            "instance_type": "t3.micro",
            "ipv6_address_count": 0,
            "ipv6_addresses": [],
            "key_name": "scraper-key",
            "launch_template": [],
            "maintenance_options": [
              {
                "auto_recovery": "default"
              }
            ],
            "metadata_options": [
              {
                "http_endpoint": "enabled",
                "http_protocol_ipv6": "disabled",
                "http_put_response_hop_limit": 1,
                "http_tokens": "optional",
                "instance_metadata_tags": "disabled"
              }
            ],
            "monitoring": false,
            "network_interface": [],
            "outpost_arn": "",
            "password_data": "",
            "placement_group": "",
            "placement_group_id": "",
            "placement_partition_number": 0,
            "primary_network_interface": [
              {
                "delete_on_termination": true,
                "network_interface_id": "eni-0c75de690f4d009de"
              }
            ],
            "primary_network_interface_id": "eni-0c75de690f4d009de",
            "private_dns": "ip-172-31-68-51.ec2.internal",
            "private_dns_name_options": [
              {
                "enable_resource_name_dns_a_record": false,
                "enable_resource_name_dns_aaaa_record": false,
                "hostname_type": "ip-name"
              }
            ],
            "private_ip": "172.31.68.51",
            "public_dns": "ec2-3-235-182-148.compute-1.amazonaws.com",
            "public_ip": "3.235.182.148",
            "region": "us-east-1",
            "root_block_device": [
              {
                "delete_on_termination": true,
                "device_name": "/dev/sda1",
                "encrypted": false,
                "iops": 3000,
                "kms_key_id": "",
                "tags": null,
                "tags_all": {},
                "throughput": 125,
                "volume_id": "vol-06c720d3b9a44f3dc",
                "volume_size": 20,
                "volume_type": "gp3"
              }
            ],
            "secondary_private_ips": [],
            "security_groups": [
              "scraper_security_group"
            ],
            "source_dest_check": true,
            "spot_instance_request_id": "",
            "subnet_id": "subnet-0745ccc84cee59e32",
            "tags": {
              "Name": "ReclameAqui-Scraper"
            },
            "tags_all": {
              "Name": "ReclameAqui-Scraper"
            },
            "tenancy": "default",
            "timeouts": null,
            "user_data": "#!/bin/bash\n# Update system\napt-get update -y\napt-get upgrade -y\n              \n# create 4gb swap memory\nfallocate -l 4G /swapfile\nchmod 600 /swapfile\nmkswap /swapfile\nswapon /swapfile\necho '/swapfile none swap sw 0 0' | tee -a /etc/fstab\n              \napt-get install -y python3-pip python3-venv\nmkdir -p /home/ubuntu/scraper\ncd /home/ubuntu/scraper\n\ncat \u003c\u003cEOT \u003e\u003e requirements.txt\nbeautifulsoup4==4.13.5\ngreenlet==3.2.4\nnumpy==2.3.3\npandas==2.3.2\nplaywright==1.55.0\nplaywright-stealth==2.0.0\npyarrow==21.0.0\npyee==13.0.0\npython-dateutil==2.9.0.post0\npytz==2025.2\nsix==1.17.0\nsoupsieve==2.8\ntyping_extensions==4.15.0\ntzdata==2025.2\n\nEOT\n\npip3 install -r requirements.txt --break-system-packages\nplaywright install chromium\nplaywright install-deps\n\nchown ubuntu:ubuntu /home/ubuntu/scraper\n",
            "user_data_base64": null,
            "user_data_replace_on_change": false,
            "volume_tags": null,
            "vpc_security_group_ids": [
              "sg-0d1044372801c9c3a"
            ]
          },
          "sensitive_attributes": [],
          "identity_schema_version": 0,
          "identity": {
            "account_id": "373345867620",
            "id": "i-0087d897d15ab6075",
            "region": "us-east-1"
          },
          "private": "eyJlMmJmYjczMC1lY2FhLTExZTYtOGY4OC0zNDM2M2JjN2M0YzAiOnsiY3JlYXRlIjo2MDAwMDAwMDAwMDAsImRlbGV0ZSI6MTIwMDAwMDAwMDAwMCwicmVhZCI6OTAwMDAwMDAwMDAwLCJ1cGRhdGUiOjYwMDAwMDAwMDAwMH0sInNjaGVtYV92ZXJzaW9uIjoiMiJ9",
          "dependencies": [
            "aws_key_pair.deployer",
            "aws_security_group.scraper_sg",
            "data.aws_ami.ubuntu"
          ]
        }
      ]
    },
    {
      "mode": "managed",
      "type": "aws_key_pair",
      "name": "deployer",
      "provider": "provider[\"registry.terraform.io/hashicorp/aws\"]",
      "instances": [
        {
          "schema_version": 1,
          "attributes": {
            "arn": "arn:aws:ec2:us-east-1:373345867620:key-pair/scraper-key",
            "fingerprint": "0f:14:c9:58:e6:2a:45:b0:ff:51:1a:be:1d:fe:27:09",
            "id": "scraper-key",
            "key_name": "scraper-key",
            "key_name_prefix": "",
            "key_pair_id": "key-01bae2d3f753b696b",
            "key_type": "rsa",
            "public_key": "ssh-rsa AAAAB3NzaC1yc2EAAAADAQABAAACAQChIGtlcX3/KyHT0+jy2lnYWvdhkzd0LEkx2AidVYd89SbhzK2jktyl8Un7KT5SQii4Z2tSJOD2gYz6EDLHnnxlLdCpmGd2hiDz6YgtIlpoSCn1Cu06FNgtMmx88LY7drsma5ft8/1npyjKWIfCOxu08cswOIEaO3g82im4wIrx059aZ/GAhZDT00ZuMD7reFw/Yd5lBNjWhC30YOeZZat+kc0QB8/nRQiT5zkE7wRxAWa7BTTQglZlttGZRSaljOjFNKnbE9X3/riwhJiNmL2VLNkp5HaQcq8SMVYo/VBMRkMOQqo8kkdlV28p0BsqyCvhtyAJiRnUGKiepDWcIZ2ichDG2z8y1A1/ZCpV58Z2pEbKexH/JKxMUOkZboyVsWg6R5xjVd116o1+otZ9ut8g3aPvP6SM4Ge4jN4Ny+o2GvN7AeOMv3bZ688C+bXe3Yuh5MdSonOTNK88UrSct2PumCzKN6JcVrBWyi8fCHmF+GUcqWPvTnvyP/jwV2ejkKBVjxgiaSNIjrd7u+TjCutEzpgWsVYMDD0f86ZY3ASH9f9FslqjIvGQPyrQGQRUpm1N/TBvff2o7N/o7qPGN17U4NflDKkS2A58cKwAk8BUgLHRIjStHoV9edjv/Y4cNnEnHk/bLUXUtV0Ve/vLqzQ4CjHxawGcsmGIagDqN1RoDQ== alifoo@alifoos-MacBook-Air.local",
            "region": "us-east-1",
            "tags": null,
            "tags_all": {}
          },
          "sensitive_attributes": [],
          "identity_schema_version": 0,
          "private": "eyJzY2hlbWFfdmVyc2lvbiI6IjEifQ=="
        }
      ]
    },
    {
      "mode": "managed",
      "type": "aws_security_group",
      "name": "scraper_sg",
      "provider": "provider[\"registry.terraform.io/hashicorp/aws\"]",
      "instances": [
        {
          "schema_version": 1,
          "attributes": {
            "arn": "arn:aws:ec2:us-east-1:373345867620:security-group/sg-0d1044372801c9c3a",
            "description": "Allow SSH inbound traffic",
            "egress": [
              {
                "cidr_blocks": [
                  "0.0.0.0/0"
                ],
                "description": "Allow all outbound traffic",
                "from_port": 0,
                "ipv6_cidr_blocks": [],
                "prefix_list_ids": [],
                "protocol": "-1",
                "security_groups": [],
                "self": false,
                "to_port": 0
              }
            ],
            "id": "sg-0d1044372801c9c3a",
            "ingress": [
              {
                "cidr_blocks": [
                  "0.0.0.0/0"
                ],
                "description": "SSH from anywhere",
                "from_port": 22,
                "ipv6_cidr_blocks": [],
                "prefix_list_ids": [],
                "protocol": "tcp",
                "security_groups": [],
                "self": false,
                "to_port": 22
              }
            ],
            "name": "scraper_security_group",
            "name_prefix": "",
            "owner_id": "373345867620",
            "region": "us-east-1",
            "revoke_rules_on_delete": false,
            "tags": null,
            "tags_all": {},
            "timeouts": null,
            "vpc_id": "vpc-0c52219d0b8dc4ac2"
          },
          "sensitive_attributes": [],
          "identity_schema_version": 0,
          "identity": {
            "account_id": "373345867620",
            "id": "sg-0d1044372801c9c3a",
            "region": "us-east-1"
          },
          "private": "eyJlMmJmYjczMC1lY2FhLTExZTYtOGY4OC0zNDM2M2JjN2M0YzAiOnsiY3JlYXRlIjo2MDAwMDAwMDAwMDAsImRlbGV0ZSI6OTAwMDAwMDAwMDAwfSwic2NoZW1hX3ZlcnNpb24iOiIxIn0="
        }
      ]
    }
  ],
  "check_results": null
}
